# THIS IS AN AUTOGENERATED FILE. DO NOT EDIT THIS FILE DIRECTLY.
# yarn lockfile v1


"@display-hello/core@^1.0.0":
  version "1.0.0"
  resolved "https://registry.yarnpkg.com/@display-hello/core/-/core-1.0.0.tgz#733451251108e0ae5777fd8937f6d9018cb5ce4a"
  integrity sha512-4OOjqQkhjR0ZbNV/roLduQ0+lYTY2WTXMh5BVIo+ILg4pUno+47G2nA2RCWV8wXQhtiXRHPHZw7aUD7cNe9d4A==

"@display-hello/translate-ptbr@^0.1.5":
  version "0.1.5"
  resolved "https://registry.yarnpkg.com/@display-hello/translate-ptbr/-/translate-ptbr-0.1.5.tgz#622a19b1393e0e78ba05de567b5fb85fa9999ee2"
  integrity sha512-FlMSwWOYoXoK+zDsIrA3BQ6BqJ26+XCKL0q3xVqZfi16WuKQ3U15tISkGo9RJNoxNAulngHx90tIK0bpvoKPrw==
