# THIS IS AN AUTOGENERATED FILE. DO NOT EDIT THIS FILE DIRECTLY.
# yarn lockfile v1


"@display-hello/core@^1.0.0":
  version "1.1.0"
  resolved "https://registry.yarnpkg.com/@display-hello/core/-/core-1.1.0.tgz#8d178f69bdd6f43d084ea90a52fd5b35dc44a7b4"
  integrity sha512-2yh0Bcx97uFjW9wYICjIADmTicLZjPTZzEoDVGCwqHYQ6CjHYihsxFLEZKrqf65C4E6oGUbHL7okLkB5kBwp6A==

"@display-hello/lorem-ipsum@^1.1.0":
  version "1.1.0"
  resolved "https://registry.yarnpkg.com/@display-hello/lorem-ipsum/-/lorem-ipsum-1.1.0.tgz#209efd380f21c69e0f9c4e2929930b67852bda64"
  integrity sha512-UK3v1Ec1912zZ4RZmNAelBfqv/pa9suKTC7H8R3mHO+yUmrXNdwzuxePJF7iXvX/zydldAIIteW9gHkK8n05sA==

"@display-hello/translate-ptbr@^1.1.0":
  version "1.1.0"
  resolved "https://registry.yarnpkg.com/@display-hello/translate-ptbr/-/translate-ptbr-1.1.0.tgz#b719b3606c075d1254ff46b960011ceec5538566"
  integrity sha512-BwsB6LDi7B/Y+fRDmyj/CEXtd1q64I82FnAJ7X/I7buJKJPJIjXp3ZFzUWEaxGN2ypdvxf/dAJHDIGcINtwH7w==
