# THIS IS AN AUTOGENERATED FILE. DO NOT EDIT THIS FILE DIRECTLY.
# yarn lockfile v1


"@display-hello/core@^0.1.5":
  version "0.1.5"
  resolved "https://registry.yarnpkg.com/@display-hello/core/-/core-0.1.5.tgz#6a95aba565ac0d5c0fbcf058abfbc411e44e41c9"
  integrity sha512-POBXcyTva7M1w8yLNT2/XG7yxdeB7jwrhZtwU+f1Mlb0zVVFqOgyghX4RP6V2i4d5ycdJtaX0Zgmok1KI7uJxw==
  dependencies:
    parent-package-json "^2.0.1"
    parent-require "^1.0.0"

parent-package-json@^2.0.1:
  version "2.0.1"
  resolved "https://registry.yarnpkg.com/parent-package-json/-/parent-package-json-2.0.1.tgz#49b554a9e2dccaed45d7e1a25ea8cec9d7bb6b12"
  integrity sha512-dyHr5bP6k8vNT6oP0i4qsfD/rtUiSruJdv+I/BPr7rRtzYRnCu0v1qcM5yHmubobtvGX38SGe1XF2LBo1fN/xg==

parent-require@^1.0.0:
  version "1.0.0"
  resolved "https://registry.yarnpkg.com/parent-require/-/parent-require-1.0.0.tgz#746a167638083a860b0eef6732cb27ed46c32977"
  integrity sha1-dGoWdjgIOoYLDu9nMssn7UbDKXc=
